
Microsoft Visual Studio Solution File, Format Version 12.00
# Visual Studio Version 17
VisualStudioVersion = 17.14.36202.13 d17.14
MinimumVisualStudioVersion = 10.0.40219.1
Project("{FAE04EC0-301F-11D3-BF4B-00C04F79EFBC}") = "NoticiasApp", "NoticiasApp\NoticiasApp.csproj", "{5D617E60-66F1-47CE-9EEC-3CEC3E2B4C9E}"
EndProject
Global
	GlobalSection(SolutionConfigurationPlatforms) = preSolution
		Debug|Any CPU = Debug|Any CPU
		Release|Any CPU = Release|Any CPU
	EndGlobalSection
	GlobalSection(ProjectConfigurationPlatforms) = postSolution
		{5D617E60-66F1-47CE-9EEC-3CEC3E2B4C9E}.Debug|Any CPU.ActiveCfg = Debug|Any CPU
		{5D617E60-66F1-47CE-9EEC-3CEC3E2B4C9E}.Debug|Any CPU.Build.0 = Debug|Any CPU
		{5D617E60-66F1-47CE-9EEC-3CEC3E2B4C9E}.Release|Any CPU.ActiveCfg = Release|Any CPU
		{5D617E60-66F1-47CE-9EEC-3CEC3E2B4C9E}.Release|Any CPU.Build.0 = Release|Any CPU
	EndGlobalSection
	GlobalSection(SolutionProperties) = preSolution
		HideSolutionNode = FALSE
	EndGlobalSection
	GlobalSection(ExtensibilityGlobals) = postSolution
		SolutionGuid = {86BE36E5-A1FF-49FD-86E7-1322B1937585}
	EndGlobalSection
EndGlobal
